
Microsoft Visual Studio Solution File, Format Version 12.00
# Visual Studio Version 17
VisualStudioVersion = 17.9.34728.123
MinimumVisualStudioVersion = 10.0.40219.1
Project("{9A19103F-16F7-4668-BE54-9A1E7A4F7556}") = "MyContactCloud", "MyContactCloud\MyContactCloud.csproj", "{BEEE882C-921A-4CFD-9BB6-A41E9A0B524B}"
EndProject
Project("{9A19103F-16F7-4668-BE54-9A1E7A4F7556}") = "MyContactCloud.Client", "MyContactCloud.Client\MyContactCloud.Client.csproj", "{ED4DB5EB-52B1-463A-BCF4-238EDF3535E6}"
EndProject
Global
	GlobalSection(SolutionConfigurationPlatforms) = preSolution
		Debug|Any CPU = Debug|Any CPU
		Release|Any CPU = Release|Any CPU
	EndGlobalSection
	GlobalSection(ProjectConfigurationPlatforms) = postSolution
		{BEEE882C-921A-4CFD-9BB6-A41E9A0B524B}.Debug|Any CPU.ActiveCfg = Debug|Any CPU
		{BEEE882C-921A-4CFD-9BB6-A41E9A0B524B}.Debug|Any CPU.Build.0 = Debug|Any CPU
		{BEEE882C-921A-4CFD-9BB6-A41E9A0B524B}.Release|Any CPU.ActiveCfg = Release|Any CPU
		{BEEE882C-921A-4CFD-9BB6-A41E9A0B524B}.Release|Any CPU.Build.0 = Release|Any CPU
		{ED4DB5EB-52B1-463A-BCF4-238EDF3535E6}.Debug|Any CPU.ActiveCfg = Debug|Any CPU
		{ED4DB5EB-52B1-463A-BCF4-238EDF3535E6}.Debug|Any CPU.Build.0 = Debug|Any CPU
		{ED4DB5EB-52B1-463A-BCF4-238EDF3535E6}.Release|Any CPU.ActiveCfg = Release|Any CPU
		{ED4DB5EB-52B1-463A-BCF4-238EDF3535E6}.Release|Any CPU.Build.0 = Release|Any CPU
	EndGlobalSection
	GlobalSection(SolutionProperties) = preSolution
		HideSolutionNode = FALSE
	EndGlobalSection
	GlobalSection(ExtensibilityGlobals) = postSolution
		SolutionGuid = {68F31557-0E4F-49AA-986C-AA56BE64CB7F}
	EndGlobalSection
EndGlobal
